# This file is automatically @generated by Cargo.
# It is not intended for manual editing.
version = 4

[[package]]
name = "collecto-backend"
version = "0.1.0"
dependencies = [
 "collecto-domain",
]

[[package]]
name = "collecto-domain"
version = "0.1.0"

[[package]]
name = "collecto-frontend"
version = "0.1.0"
dependencies = [
 "collecto-domain",
]

[[package]]
name = "playground"
version = "0.1.0"
